// !$*UTF8*$!
{
	archiveVersion = 1;
	classes = {
	};
	objectVersion = 51;
	objects = {

/* Begin PBXBuildFile section */
		86A3E13B32A4C34AAE7ECDA4 /* Pods_testing.framework in Frameworks */ = {isa = PBXBuildFile; fileRef = BFCA890537D4CBDA96447174 /* Pods_testing.framework */; };
		9E0EADD624B0D35200FF0765 /* SAConfettiView.swift in Sources */ = {isa = PBXBuildFile; fileRef = 9E0EADD524B0D35200FF0765 /* SAConfettiView.swift */; };
		9E8D57F1248126270032655B /* database.swift in Sources */ = {isa = PBXBuildFile; fileRef = 9E8D57F0248126270032655B /* database.swift */; };
		9EB57C5B24B1ED5400533116 /* loading_animation.json in Resources */ = {isa = PBXBuildFile; fileRef = 9EB57C5A24B1ED5300533116 /* loading_animation.json */; };
		9EE1772724B6097F0009EF62 /* links.swift in Sources */ = {isa = PBXBuildFile; fileRef = 9EE1772624B6097F0009EF62 /* links.swift */; };
		BE0940CDEB473131E840AB21 /* CategoryDescriptionViewCell.swift in Sources */ = {isa = PBXBuildFile; fileRef = BE0941AB590728F61145B2D6 /* CategoryDescriptionViewCell.swift */; };
		BE0941B7EB4F9EB0365B1781 /* CategoryDescriptionView.swift in Sources */ = {isa = PBXBuildFile; fileRef = BE0947AB1F48EF3DD0FFDC41 /* CategoryDescriptionView.swift */; };
		BE0943FB757E3D98BEFAF343 /* colors.swift in Sources */ = {isa = PBXBuildFile; fileRef = BE094A220A7B785AB7F71BE6 /* colors.swift */; };
		BE09443387442ED8762FA487 /* TutorialSegmentViewController.swift in Sources */ = {isa = PBXBuildFile; fileRef = BE094DCFCBF7C1F37931F789 /* TutorialSegmentViewController.swift */; };
		BE094446E091CE0D167B91B6 /* TutorialViewController.swift in Sources */ = {isa = PBXBuildFile; fileRef = BE0947F27613C5C249B999F7 /* TutorialViewController.swift */; };
		BE0944F7A0F0AFF3DEDDEB9C /* MainViewController.swift in Sources */ = {isa = PBXBuildFile; fileRef = BE094F948CA6BA6ED9A10B7C /* MainViewController.swift */; };
		BE09451E0AAEBF71F2DF5EDD /* ext.swift in Sources */ = {isa = PBXBuildFile; fileRef = BE0941FB9A72BD3A0550E8F2 /* ext.swift */; };
		BE094558A81359A682074B89 /* LogInViewController.swift in Sources */ = {isa = PBXBuildFile; fileRef = BE0946507A8E77D5FC733E6F /* LogInViewController.swift */; };
		BE094573789D1BB1925BC63D /* NewWordPageStrings.swift in Sources */ = {isa = PBXBuildFile; fileRef = BE09441506C335CDD0478F08 /* NewWordPageStrings.swift */; };
		BE094593A676A70C5489EA0F /* ChangeWordView.swift in Sources */ = {isa = PBXBuildFile; fileRef = BE094DD8139D43C3A23CEA00 /* ChangeWordView.swift */; };
		BE094754EDAFFE8248D6D9C9 /* NewWordView.swift in Sources */ = {isa = PBXBuildFile; fileRef = BE09468A36E04A41B6D2FCA1 /* NewWordView.swift */; };
		BE0947BC853EB18DDD2B917F /* LoginView.swift in Sources */ = {isa = PBXBuildFile; fileRef = BE0941AC177D91B3404183C2 /* LoginView.swift */; };
		BE094867200E0F2E2F722AA3 /* NewWordViewController.swift in Sources */ = {isa = PBXBuildFile; fileRef = BE09433FBA8465D1973579F5 /* NewWordViewController.swift */; };
		BE0948703E5B1FAD5CDA0615 /* SignupView.swift in Sources */ = {isa = PBXBuildFile; fileRef = BE094EC1C7B3A5314EE4C8BC /* SignupView.swift */; };
		BE09492481ECDD758CCC2F33 /* ChangeWordViewController.swift in Sources */ = {isa = PBXBuildFile; fileRef = BE09466E2D17599669ABFBA2 /* ChangeWordViewController.swift */; };
		BE0949F7EA469AA5CCDCA8E8 /* Category.swift in Sources */ = {isa = PBXBuildFile; fileRef = BE094EBD9F75697F08B65661 /* Category.swift */; };
		BE094B48416E08BE112047DF /* CategoryView.swift in Sources */ = {isa = PBXBuildFile; fileRef = BE094986067E04B5AF3F300F /* CategoryView.swift */; };
		BE094B607EC5CFBB60F215B5 /* SmoothSegue.swift in Sources */ = {isa = PBXBuildFile; fileRef = BE094952248742454498D826 /* SmoothSegue.swift */; };
		BE094B74C9A38EBB397FD382 /* ArchiveViewController.swift in Sources */ = {isa = PBXBuildFile; fileRef = BE09429F3D25A273AEDB286D /* ArchiveViewController.swift */; };
		BE094B8C28DB991655A0980F /* Button.swift in Sources */ = {isa = PBXBuildFile; fileRef = BE0941A4463D7F830147DB33 /* Button.swift */; };
		BE094C039E3007DA23E4ECB0 /* MainView.swift in Sources */ = {isa = PBXBuildFile; fileRef = BE094F0FFE97C1EC9336FBDF /* MainView.swift */; };
		BE094C32D6C4B78BE779A6B5 /* LoginPageStrings.swift in Sources */ = {isa = PBXBuildFile; fileRef = BE094334B19B90E7F463F920 /* LoginPageStrings.swift */; };
		BE094C600D37B3030F6C4D5A /* CategoryViewCell.swift in Sources */ = {isa = PBXBuildFile; fileRef = BE094979D05F49A460ECC229 /* CategoryViewCell.swift */; };
		BE094CA287F27012ED6C708B /* SignupViewStrings.swift in Sources */ = {isa = PBXBuildFile; fileRef = BE094AABCA2E4E0CF7DAFE49 /* SignupViewStrings.swift */; };
		BE094CFE4D121185E3A43C4B /* MainPageStrings.swift in Sources */ = {isa = PBXBuildFile; fileRef = BE094CE9861D5DBD2A56C302 /* MainPageStrings.swift */; };
		BE094D2B82488C3FF99A8B83 /* ViewController.swift in Sources */ = {isa = PBXBuildFile; fileRef = BE0949E5FE307338BEEE4B2C /* ViewController.swift */; };
		BE094E6CAB85BEF89CD58807 /* CategoryViewStrings.swift in Sources */ = {isa = PBXBuildFile; fileRef = BE09466FD227104F4246F415 /* CategoryViewStrings.swift */; };
		BE094F1B96CBD143BFB76B20 /* RegisterViewController.swift in Sources */ = {isa = PBXBuildFile; fileRef = BE0947DC929228386A841ADA /* RegisterViewController.swift */; };
		DA670927222D73F600595D5E /* AppDelegate.swift in Sources */ = {isa = PBXBuildFile; fileRef = DA670926222D73F600595D5E /* AppDelegate.swift */; };
		DA67092C222D73F600595D5E /* Main.storyboard in Resources */ = {isa = PBXBuildFile; fileRef = DA67092A222D73F600595D5E /* Main.storyboard */; };
		DA67092E222D740300595D5E /* Assets.xcassets in Resources */ = {isa = PBXBuildFile; fileRef = DA67092D222D740300595D5E /* Assets.xcassets */; };
		DA670931222D740300595D5E /* LaunchScreen.storyboard in Resources */ = {isa = PBXBuildFile; fileRef = DA67092F222D740300595D5E /* LaunchScreen.storyboard */; };
		DA9551372435E61900357808 /* LoadingView.swift in Sources */ = {isa = PBXBuildFile; fileRef = DA9551362435E61500357808 /* LoadingView.swift */; };
		DAC96E452423AA1D00675EEA /* FontHelper.swift in Sources */ = {isa = PBXBuildFile; fileRef = DAC96E442423AA1D00675EEA /* FontHelper.swift */; };
		DACE93A3244EAEA4003B9DCF /* GoogleService-Info.plist in Resources */ = {isa = PBXBuildFile; fileRef = DACE93A2244EAEA3003B9DCF /* GoogleService-Info.plist */; };
		DAEC4193242F1E7700944B7F /* Auth.storyboard in Resources */ = {isa = PBXBuildFile; fileRef = DAEC4192242F1E7700944B7F /* Auth.storyboard */; };
		DAEC4199242F91AF00944B7F /* CustomPageControl.swift in Sources */ = {isa = PBXBuildFile; fileRef = DAEC4198242F91AF00944B7F /* CustomPageControl.swift */; };
		DAF1847B2420EA600031B68C /* Word.swift in Sources */ = {isa = PBXBuildFile; fileRef = DAF1847A2420EA600031B68C /* Word.swift */; };
/* End PBXBuildFile section */

/* Begin PBXFileReference section */
		68D074D3B249FCFF7F36A6D4 /* Pods-testing.debug.xcconfig */ = {isa = PBXFileReference; includeInIndex = 1; lastKnownFileType = text.xcconfig; name = "Pods-testing.debug.xcconfig"; path = "Target Support Files/Pods-testing/Pods-testing.debug.xcconfig"; sourceTree = "<group>"; };
		9E0EADD524B0D35200FF0765 /* SAConfettiView.swift */ = {isa = PBXFileReference; lastKnownFileType = sourcecode.swift; path = SAConfettiView.swift; sourceTree = "<group>"; };
		9E2FE5C3247D8DA900DCD8E5 /* libleveldb-library.a */ = {isa = PBXFileReference; explicitFileType = archive.ar; path = "libleveldb-library.a"; sourceTree = BUILT_PRODUCTS_DIR; };
		9E8D57F0248126270032655B /* database.swift */ = {isa = PBXFileReference; lastKnownFileType = sourcecode.swift; path = database.swift; sourceTree = "<group>"; };
		9EB57C5A24B1ED5300533116 /* loading_animation.json */ = {isa = PBXFileReference; fileEncoding = 4; lastKnownFileType = text.json; name = loading_animation.json; path = ../../../Downloads/loading_animation.json; sourceTree = "<group>"; };
		9EE1772624B6097F0009EF62 /* links.swift */ = {isa = PBXFileReference; lastKnownFileType = sourcecode.swift; path = links.swift; sourceTree = "<group>"; };
		BE0941A4463D7F830147DB33 /* Button.swift */ = {isa = PBXFileReference; fileEncoding = 4; lastKnownFileType = sourcecode.swift; path = Button.swift; sourceTree = "<group>"; };
		BE0941AB590728F61145B2D6 /* CategoryDescriptionViewCell.swift */ = {isa = PBXFileReference; fileEncoding = 4; lastKnownFileType = sourcecode.swift; path = CategoryDescriptionViewCell.swift; sourceTree = "<group>"; };
		BE0941AC177D91B3404183C2 /* LoginView.swift */ = {isa = PBXFileReference; fileEncoding = 4; lastKnownFileType = sourcecode.swift; path = LoginView.swift; sourceTree = "<group>"; };
		BE0941FB9A72BD3A0550E8F2 /* ext.swift */ = {isa = PBXFileReference; fileEncoding = 4; lastKnownFileType = sourcecode.swift; path = ext.swift; sourceTree = "<group>"; };
		BE09429F3D25A273AEDB286D /* ArchiveViewController.swift */ = {isa = PBXFileReference; fileEncoding = 4; lastKnownFileType = sourcecode.swift; path = ArchiveViewController.swift; sourceTree = "<group>"; };
		BE094334B19B90E7F463F920 /* LoginPageStrings.swift */ = {isa = PBXFileReference; fileEncoding = 4; lastKnownFileType = sourcecode.swift; path = LoginPageStrings.swift; sourceTree = "<group>"; };
		BE09433FBA8465D1973579F5 /* NewWordViewController.swift */ = {isa = PBXFileReference; fileEncoding = 4; lastKnownFileType = sourcecode.swift; path = NewWordViewController.swift; sourceTree = "<group>"; };
		BE09441506C335CDD0478F08 /* NewWordPageStrings.swift */ = {isa = PBXFileReference; fileEncoding = 4; lastKnownFileType = sourcecode.swift; path = NewWordPageStrings.swift; sourceTree = "<group>"; };
		BE0946507A8E77D5FC733E6F /* LogInViewController.swift */ = {isa = PBXFileReference; fileEncoding = 4; lastKnownFileType = sourcecode.swift; path = LogInViewController.swift; sourceTree = "<group>"; };
		BE09466E2D17599669ABFBA2 /* ChangeWordViewController.swift */ = {isa = PBXFileReference; fileEncoding = 4; lastKnownFileType = sourcecode.swift; path = ChangeWordViewController.swift; sourceTree = "<group>"; };
		BE09466FD227104F4246F415 /* CategoryViewStrings.swift */ = {isa = PBXFileReference; fileEncoding = 4; lastKnownFileType = sourcecode.swift; path = CategoryViewStrings.swift; sourceTree = "<group>"; };
		BE09468A36E04A41B6D2FCA1 /* NewWordView.swift */ = {isa = PBXFileReference; fileEncoding = 4; lastKnownFileType = sourcecode.swift; path = NewWordView.swift; sourceTree = "<group>"; };
		BE0947AB1F48EF3DD0FFDC41 /* CategoryDescriptionView.swift */ = {isa = PBXFileReference; fileEncoding = 4; lastKnownFileType = sourcecode.swift; path = CategoryDescriptionView.swift; sourceTree = "<group>"; };
		BE0947DC929228386A841ADA /* RegisterViewController.swift */ = {isa = PBXFileReference; fileEncoding = 4; lastKnownFileType = sourcecode.swift; path = RegisterViewController.swift; sourceTree = "<group>"; };
		BE0947F27613C5C249B999F7 /* TutorialViewController.swift */ = {isa = PBXFileReference; fileEncoding = 4; lastKnownFileType = sourcecode.swift; path = TutorialViewController.swift; sourceTree = "<group>"; };
		BE094952248742454498D826 /* SmoothSegue.swift */ = {isa = PBXFileReference; fileEncoding = 4; lastKnownFileType = sourcecode.swift; path = SmoothSegue.swift; sourceTree = "<group>"; };
		BE094979D05F49A460ECC229 /* CategoryViewCell.swift */ = {isa = PBXFileReference; fileEncoding = 4; lastKnownFileType = sourcecode.swift; path = CategoryViewCell.swift; sourceTree = "<group>"; };
		BE094986067E04B5AF3F300F /* CategoryView.swift */ = {isa = PBXFileReference; fileEncoding = 4; lastKnownFileType = sourcecode.swift; path = CategoryView.swift; sourceTree = "<group>"; };
		BE0949E5FE307338BEEE4B2C /* ViewController.swift */ = {isa = PBXFileReference; fileEncoding = 4; lastKnownFileType = sourcecode.swift; path = ViewController.swift; sourceTree = "<group>"; };
		BE094A220A7B785AB7F71BE6 /* colors.swift */ = {isa = PBXFileReference; fileEncoding = 4; lastKnownFileType = sourcecode.swift; path = colors.swift; sourceTree = "<group>"; };
		BE094AABCA2E4E0CF7DAFE49 /* SignupViewStrings.swift */ = {isa = PBXFileReference; fileEncoding = 4; lastKnownFileType = sourcecode.swift; path = SignupViewStrings.swift; sourceTree = "<group>"; };
		BE094CE9861D5DBD2A56C302 /* MainPageStrings.swift */ = {isa = PBXFileReference; fileEncoding = 4; lastKnownFileType = sourcecode.swift; path = MainPageStrings.swift; sourceTree = "<group>"; };
		BE094DCFCBF7C1F37931F789 /* TutorialSegmentViewController.swift */ = {isa = PBXFileReference; fileEncoding = 4; lastKnownFileType = sourcecode.swift; path = TutorialSegmentViewController.swift; sourceTree = "<group>"; };
		BE094DD8139D43C3A23CEA00 /* ChangeWordView.swift */ = {isa = PBXFileReference; fileEncoding = 4; lastKnownFileType = sourcecode.swift; path = ChangeWordView.swift; sourceTree = "<group>"; };
		BE094EBD9F75697F08B65661 /* Category.swift */ = {isa = PBXFileReference; fileEncoding = 4; lastKnownFileType = sourcecode.swift; path = Category.swift; sourceTree = "<group>"; };
		BE094EC1C7B3A5314EE4C8BC /* SignupView.swift */ = {isa = PBXFileReference; fileEncoding = 4; lastKnownFileType = sourcecode.swift; path = SignupView.swift; sourceTree = "<group>"; };
		BE094F0FFE97C1EC9336FBDF /* MainView.swift */ = {isa = PBXFileReference; fileEncoding = 4; lastKnownFileType = sourcecode.swift; path = MainView.swift; sourceTree = "<group>"; };
		BE094F948CA6BA6ED9A10B7C /* MainViewController.swift */ = {isa = PBXFileReference; fileEncoding = 4; lastKnownFileType = sourcecode.swift; path = MainViewController.swift; sourceTree = "<group>"; };
		BFCA890537D4CBDA96447174 /* Pods_testing.framework */ = {isa = PBXFileReference; explicitFileType = wrapper.framework; includeInIndex = 0; path = Pods_testing.framework; sourceTree = BUILT_PRODUCTS_DIR; };
		DA670923222D73F600595D5E /* Athene.app */ = {isa = PBXFileReference; explicitFileType = wrapper.application; includeInIndex = 0; path = Athene.app; sourceTree = BUILT_PRODUCTS_DIR; };
		DA670926222D73F600595D5E /* AppDelegate.swift */ = {isa = PBXFileReference; lastKnownFileType = sourcecode.swift; path = AppDelegate.swift; sourceTree = "<group>"; };
		DA67092B222D73F600595D5E /* Base */ = {isa = PBXFileReference; lastKnownFileType = file.storyboard; name = Base; path = Base.lproj/Main.storyboard; sourceTree = "<group>"; };
		DA67092D222D740300595D5E /* Assets.xcassets */ = {isa = PBXFileReference; lastKnownFileType = folder.assetcatalog; path = Assets.xcassets; sourceTree = "<group>"; };
		DA670930222D740300595D5E /* Base */ = {isa = PBXFileReference; lastKnownFileType = file.storyboard; name = Base; path = Base.lproj/LaunchScreen.storyboard; sourceTree = "<group>"; };
		DA670932222D740300595D5E /* Info.plist */ = {isa = PBXFileReference; lastKnownFileType = text.plist.xml; path = Info.plist; sourceTree = "<group>"; };
		DA9551362435E61500357808 /* LoadingView.swift */ = {isa = PBXFileReference; lastKnownFileType = sourcecode.swift; path = LoadingView.swift; sourceTree = "<group>"; };
		DAC38FA7243E46DD0035C5BE /* testing.entitlements */ = {isa = PBXFileReference; lastKnownFileType = text.plist.entitlements; path = testing.entitlements; sourceTree = "<group>"; };
		DAC96E442423AA1D00675EEA /* FontHelper.swift */ = {isa = PBXFileReference; lastKnownFileType = sourcecode.swift; path = FontHelper.swift; sourceTree = "<group>"; };
		DACE93A2244EAEA3003B9DCF /* GoogleService-Info.plist */ = {isa = PBXFileReference; fileEncoding = 4; lastKnownFileType = text.plist.xml; path = "GoogleService-Info.plist"; sourceTree = "<group>"; };
		DAEC4192242F1E7700944B7F /* Auth.storyboard */ = {isa = PBXFileReference; lastKnownFileType = file.storyboard; path = Auth.storyboard; sourceTree = "<group>"; };
		DAEC4198242F91AF00944B7F /* CustomPageControl.swift */ = {isa = PBXFileReference; lastKnownFileType = sourcecode.swift; path = CustomPageControl.swift; sourceTree = "<group>"; };
		DAF1847A2420EA600031B68C /* Word.swift */ = {isa = PBXFileReference; lastKnownFileType = sourcecode.swift; path = Word.swift; sourceTree = "<group>"; };
		FFF9CBD8C14725166D8671E1 /* Pods-testing.release.xcconfig */ = {isa = PBXFileReference; includeInIndex = 1; lastKnownFileType = text.xcconfig; name = "Pods-testing.release.xcconfig"; path = "Target Support Files/Pods-testing/Pods-testing.release.xcconfig"; sourceTree = "<group>"; };
/* End PBXFileReference section */

/* Begin PBXFrameworksBuildPhase section */
		DA670920222D73F600595D5E /* Frameworks */ = {
			isa = PBXFrameworksBuildPhase;
			buildActionMask = 2147483647;
			files = (
				86A3E13B32A4C34AAE7ECDA4 /* Pods_testing.framework in Frameworks */,
			);
			runOnlyForDeploymentPostprocessing = 0;
		};
/* End PBXFrameworksBuildPhase section */

/* Begin PBXGroup section */
		2CBE070057BA8E1485D810C6 /* Pods */ = {
			isa = PBXGroup;
			children = (
				68D074D3B249FCFF7F36A6D4 /* Pods-testing.debug.xcconfig */,
				FFF9CBD8C14725166D8671E1 /* Pods-testing.release.xcconfig */,
			);
			path = Pods;
			sourceTree = "<group>";
		};
		9EE1772824B609990009EF62 /* firebase */ = {
			isa = PBXGroup;
			children = (
				9E8D57F0248126270032655B /* database.swift */,
				9EE1772624B6097F0009EF62 /* links.swift */,
			);
			path = firebase;
			sourceTree = "<group>";
		};
		B7EF8E043566619C51C1D854 /* Frameworks */ = {
			isa = PBXGroup;
			children = (
				9E2FE5C3247D8DA900DCD8E5 /* libleveldb-library.a */,
				BFCA890537D4CBDA96447174 /* Pods_testing.framework */,
			);
			name = Frameworks;
			sourceTree = "<group>";
		};
		BE0941BA2F6D8F8C438F6538 /* CategoryVew */ = {
			isa = PBXGroup;
			children = (
				BE094986067E04B5AF3F300F /* CategoryView.swift */,
				BE094979D05F49A460ECC229 /* CategoryViewCell.swift */,
				BE0947AB1F48EF3DD0FFDC41 /* CategoryDescriptionView.swift */,
				BE0941AB590728F61145B2D6 /* CategoryDescriptionViewCell.swift */,
			);
			path = CategoryVew;
			sourceTree = "<group>";
		};
		BE094412DD69684552032658 /* TutorialControllers */ = {
			isa = PBXGroup;
			children = (
				BE0947F27613C5C249B999F7 /* TutorialViewController.swift */,
				BE094DCFCBF7C1F37931F789 /* TutorialSegmentViewController.swift */,
			);
			path = TutorialControllers;
			sourceTree = "<group>";
		};
		BE094489663FB5CD180C46AE /* utils */ = {
			isa = PBXGroup;
			children = (
				BE0941FB9A72BD3A0550E8F2 /* ext.swift */,
				BE094F4E2FB05CF34DB325ED /* Strings */,
				BE094A220A7B785AB7F71BE6 /* colors.swift */,
			);
			path = utils;
			sourceTree = "<group>";
		};
		BE094AA5B35510392D0E4EC4 /* MainPageViews */ = {
			isa = PBXGroup;
			children = (
				BE094F0FFE97C1EC9336FBDF /* MainView.swift */,
				BE09468A36E04A41B6D2FCA1 /* NewWordView.swift */,
				BE094DD8139D43C3A23CEA00 /* ChangeWordView.swift */,
			);
			path = MainPageViews;
			sourceTree = "<group>";
		};
		BE094D93701FE2E9EF4590FE /* AuthControllers */ = {
			isa = PBXGroup;
			children = (
				BE0947DC929228386A841ADA /* RegisterViewController.swift */,
				BE0946507A8E77D5FC733E6F /* LogInViewController.swift */,
			);
			path = AuthControllers;
			sourceTree = "<group>";
		};
		BE094E79B940FE668B085F05 /* ViewControllers */ = {
			isa = PBXGroup;
			children = (
				BE094D93701FE2E9EF4590FE /* AuthControllers */,
				BE0949E5FE307338BEEE4B2C /* ViewController.swift */,
				BE094F948CA6BA6ED9A10B7C /* MainViewController.swift */,
				BE09429F3D25A273AEDB286D /* ArchiveViewController.swift */,
				BE09466E2D17599669ABFBA2 /* ChangeWordViewController.swift */,
				BE09433FBA8465D1973579F5 /* NewWordViewController.swift */,
				BE094412DD69684552032658 /* TutorialControllers */,
			);
			path = ViewControllers;
			sourceTree = "<group>";
		};
		BE094F4B4F704537C16AD54E /* AuthViews */ = {
			isa = PBXGroup;
			children = (
				BE0941AC177D91B3404183C2 /* LoginView.swift */,
				BE094EC1C7B3A5314EE4C8BC /* SignupView.swift */,
			);
			path = AuthViews;
			sourceTree = "<group>";
		};
		BE094F4E2FB05CF34DB325ED /* Strings */ = {
			isa = PBXGroup;
			children = (
				BE094CE9861D5DBD2A56C302 /* MainPageStrings.swift */,
				BE09466FD227104F4246F415 /* CategoryViewStrings.swift */,
				BE09441506C335CDD0478F08 /* NewWordPageStrings.swift */,
				BE094334B19B90E7F463F920 /* LoginPageStrings.swift */,
				BE094AABCA2E4E0CF7DAFE49 /* SignupViewStrings.swift */,
			);
			path = Strings;
			sourceTree = "<group>";
		};
		DA67091A222D73F600595D5E = {
			isa = PBXGroup;
			children = (
				DA670925222D73F600595D5E /* testing */,
				DA670924222D73F600595D5E /* Products */,
				2CBE070057BA8E1485D810C6 /* Pods */,
				B7EF8E043566619C51C1D854 /* Frameworks */,
			);
			sourceTree = "<group>";
		};
		DA670924222D73F600595D5E /* Products */ = {
			isa = PBXGroup;
			children = (
				DA670923222D73F600595D5E /* Athene.app */,
			);
			name = Products;
			sourceTree = "<group>";
		};
		DA670925222D73F600595D5E /* testing */ = {
			isa = PBXGroup;
			children = (
				DAC38FA7243E46DD0035C5BE /* testing.entitlements */,
				9EB57C5A24B1ED5300533116 /* loading_animation.json */,
				DAEC4197242F916200944B7F /* Graphics */,
				DAEC4191242F1D5100944B7F /* Storyboards */,
				9EE1772824B609990009EF62 /* firebase */,
				DA670926222D73F600595D5E /* AppDelegate.swift */,
				DA67092D222D740300595D5E /* Assets.xcassets */,
				DACE93A2244EAEA3003B9DCF /* GoogleService-Info.plist */,
				DA670932222D740300595D5E /* Info.plist */,
				DAF1847A2420EA600031B68C /* Word.swift */,
				BE094E79B940FE668B085F05 /* ViewControllers */,
				BE094489663FB5CD180C46AE /* utils */,
				BE094EBD9F75697F08B65661 /* Category.swift */,
			);
			path = testing;
			sourceTree = "<group>";
		};
		DAEC4191242F1D5100944B7F /* Storyboards */ = {
			isa = PBXGroup;
			children = (
				DA67092A222D73F600595D5E /* Main.storyboard */,
				DA67092F222D740300595D5E /* LaunchScreen.storyboard */,
				DAEC4192242F1E7700944B7F /* Auth.storyboard */,
			);
			path = Storyboards;
			sourceTree = "<group>";
		};
		DAEC4197242F916200944B7F /* Graphics */ = {
			isa = PBXGroup;
			children = (
				DAC96E442423AA1D00675EEA /* FontHelper.swift */,
				DAEC4198242F91AF00944B7F /* CustomPageControl.swift */,
				DA9551362435E61500357808 /* LoadingView.swift */,
				9E0EADD524B0D35200FF0765 /* SAConfettiView.swift */,
				BE0941A4463D7F830147DB33 /* Button.swift */,
				BE0941BA2F6D8F8C438F6538 /* CategoryVew */,
				BE094AA5B35510392D0E4EC4 /* MainPageViews */,
				BE094F4B4F704537C16AD54E /* AuthViews */,
				BE094952248742454498D826 /* SmoothSegue.swift */,
			);
			path = Graphics;
			sourceTree = "<group>";
		};
/* End PBXGroup section */

/* Begin PBXNativeTarget section */
		DA670922222D73F600595D5E /* testing */ = {
			isa = PBXNativeTarget;
			buildConfigurationList = DA670935222D740300595D5E /* Build configuration list for PBXNativeTarget "testing" */;
			buildPhases = (
				ADDAA3A3E814F2116C8BD782 /* [CP] Check Pods Manifest.lock */,
				DA67091F222D73F600595D5E /* Sources */,
				DA670920222D73F600595D5E /* Frameworks */,
				DA670921222D73F600595D5E /* Resources */,
				792BBC73819AA6CAF108A7B6 /* [CP] Embed Pods Frameworks */,
				D122E372ABB3FFA07AB35647 /* [CP] Copy Pods Resources */,
			);
			buildRules = (
			);
			dependencies = (
			);
			name = testing;
			productName = testing;
			productReference = DA670923222D73F600595D5E /* Athene.app */;
			productType = "com.apple.product-type.application";
		};
/* End PBXNativeTarget section */

/* Begin PBXProject section */
		DA67091B222D73F600595D5E /* Project object */ = {
			isa = PBXProject;
			attributes = {
				LastSwiftUpdateCheck = 1010;
				LastUpgradeCheck = 1010;
				ORGANIZATIONNAME = "Vadim Zaripov";
				TargetAttributes = {
					DA670922222D73F600595D5E = {
						CreatedOnToolsVersion = 10.1;
					};
				};
			};
			buildConfigurationList = DA67091E222D73F600595D5E /* Build configuration list for PBXProject "testing" */;
			compatibilityVersion = "Xcode 9.3";
			developmentRegion = en;
			hasScannedForEncodings = 0;
			knownRegions = (
				en,
				Base,
			);
			mainGroup = DA67091A222D73F600595D5E;
			productRefGroup = DA670924222D73F600595D5E /* Products */;
			projectDirPath = "";
			projectRoot = "";
			targets = (
				DA670922222D73F600595D5E /* testing */,
			);
		};
/* End PBXProject section */

/* Begin PBXResourcesBuildPhase section */
		DA670921222D73F600595D5E /* Resources */ = {
			isa = PBXResourcesBuildPhase;
			buildActionMask = 2147483647;
			files = (
				DA670931222D740300595D5E /* LaunchScreen.storyboard in Resources */,
				DAEC4193242F1E7700944B7F /* Auth.storyboard in Resources */,
				DACE93A3244EAEA4003B9DCF /* GoogleService-Info.plist in Resources */,
				DA67092E222D740300595D5E /* Assets.xcassets in Resources */,
				DA67092C222D73F600595D5E /* Main.storyboard in Resources */,
				9EB57C5B24B1ED5400533116 /* loading_animation.json in Resources */,
			);
			runOnlyForDeploymentPostprocessing = 0;
		};
/* End PBXResourcesBuildPhase section */

/* Begin PBXShellScriptBuildPhase section */
		792BBC73819AA6CAF108A7B6 /* [CP] Embed Pods Frameworks */ = {
			isa = PBXShellScriptBuildPhase;
			buildActionMask = 2147483647;
			files = (
			);
			inputFileListPaths = (
				"${PODS_ROOT}/Target Support Files/Pods-testing/Pods-testing-frameworks-${CONFIGURATION}-input-files.xcfilelist",
			);
			name = "[CP] Embed Pods Frameworks";
			outputFileListPaths = (
				"${PODS_ROOT}/Target Support Files/Pods-testing/Pods-testing-frameworks-${CONFIGURATION}-output-files.xcfilelist",
			);
			runOnlyForDeploymentPostprocessing = 0;
			shellPath = /bin/sh;
			shellScript = "\"${PODS_ROOT}/Target Support Files/Pods-testing/Pods-testing-frameworks.sh\"\n";
			showEnvVarsInLog = 0;
		};
		ADDAA3A3E814F2116C8BD782 /* [CP] Check Pods Manifest.lock */ = {
			isa = PBXShellScriptBuildPhase;
			buildActionMask = 2147483647;
			files = (
			);
			inputFileListPaths = (
			);
			inputPaths = (
				"${PODS_PODFILE_DIR_PATH}/Podfile.lock",
				"${PODS_ROOT}/Manifest.lock",
			);
			name = "[CP] Check Pods Manifest.lock";
			outputFileListPaths = (
			);
			outputPaths = (
				"$(DERIVED_FILE_DIR)/Pods-testing-checkManifestLockResult.txt",
			);
			runOnlyForDeploymentPostprocessing = 0;
			shellPath = /bin/sh;
			shellScript = "diff \"${PODS_PODFILE_DIR_PATH}/Podfile.lock\" \"${PODS_ROOT}/Manifest.lock\" > /dev/null\nif [ $? != 0 ] ; then\n    # print error to STDERR\n    echo \"error: The sandbox is not in sync with the Podfile.lock. Run 'pod install' or update your CocoaPods installation.\" >&2\n    exit 1\nfi\n# This output is used by Xcode 'outputs' to avoid re-running this script phase.\necho \"SUCCESS\" > \"${SCRIPT_OUTPUT_FILE_0}\"\n";
			showEnvVarsInLog = 0;
		};
		D122E372ABB3FFA07AB35647 /* [CP] Copy Pods Resources */ = {
			isa = PBXShellScriptBuildPhase;
			buildActionMask = 2147483647;
			files = (
			);
			inputFileListPaths = (
				"${PODS_ROOT}/Target Support Files/Pods-testing/Pods-testing-resources-${CONFIGURATION}-input-files.xcfilelist",
			);
			name = "[CP] Copy Pods Resources";
			outputFileListPaths = (
				"${PODS_ROOT}/Target Support Files/Pods-testing/Pods-testing-resources-${CONFIGURATION}-output-files.xcfilelist",
			);
			runOnlyForDeploymentPostprocessing = 0;
			shellPath = /bin/sh;
			shellScript = "\"${PODS_ROOT}/Target Support Files/Pods-testing/Pods-testing-resources.sh\"\n";
			showEnvVarsInLog = 0;
		};
/* End PBXShellScriptBuildPhase section */

/* Begin PBXSourcesBuildPhase section */
		DA67091F222D73F600595D5E /* Sources */ = {
			isa = PBXSourcesBuildPhase;
			buildActionMask = 2147483647;
			files = (
				9EE1772724B6097F0009EF62 /* links.swift in Sources */,
				9E0EADD624B0D35200FF0765 /* SAConfettiView.swift in Sources */,
				DA9551372435E61900357808 /* LoadingView.swift in Sources */,
				DAF1847B2420EA600031B68C /* Word.swift in Sources */,
				DAEC4199242F91AF00944B7F /* CustomPageControl.swift in Sources */,
				DAC96E452423AA1D00675EEA /* FontHelper.swift in Sources */,
				9E8D57F1248126270032655B /* database.swift in Sources */,
				DA670927222D73F600595D5E /* AppDelegate.swift in Sources */,
				BE094B8C28DB991655A0980F /* Button.swift in Sources */,
				BE094B48416E08BE112047DF /* CategoryView.swift in Sources */,
				BE094C600D37B3030F6C4D5A /* CategoryViewCell.swift in Sources */,
				BE0941B7EB4F9EB0365B1781 /* CategoryDescriptionView.swift in Sources */,
				BE0940CDEB473131E840AB21 /* CategoryDescriptionViewCell.swift in Sources */,
				BE094C039E3007DA23E4ECB0 /* MainView.swift in Sources */,
				BE094754EDAFFE8248D6D9C9 /* NewWordView.swift in Sources */,
				BE094593A676A70C5489EA0F /* ChangeWordView.swift in Sources */,
				BE0947BC853EB18DDD2B917F /* LoginView.swift in Sources */,
				BE0948703E5B1FAD5CDA0615 /* SignupView.swift in Sources */,
				BE094F1B96CBD143BFB76B20 /* RegisterViewController.swift in Sources */,
				BE094558A81359A682074B89 /* LogInViewController.swift in Sources */,
				BE094D2B82488C3FF99A8B83 /* ViewController.swift in Sources */,
				BE0944F7A0F0AFF3DEDDEB9C /* MainViewController.swift in Sources */,
				BE094B74C9A38EBB397FD382 /* ArchiveViewController.swift in Sources */,
				BE09492481ECDD758CCC2F33 /* ChangeWordViewController.swift in Sources */,
				BE094867200E0F2E2F722AA3 /* NewWordViewController.swift in Sources */,
				BE09451E0AAEBF71F2DF5EDD /* ext.swift in Sources */,
				BE094CFE4D121185E3A43C4B /* MainPageStrings.swift in Sources */,
				BE094E6CAB85BEF89CD58807 /* CategoryViewStrings.swift in Sources */,
				BE094573789D1BB1925BC63D /* NewWordPageStrings.swift in Sources */,
				BE094C32D6C4B78BE779A6B5 /* LoginPageStrings.swift in Sources */,
				BE094CA287F27012ED6C708B /* SignupViewStrings.swift in Sources */,
				BE0943FB757E3D98BEFAF343 /* colors.swift in Sources */,
				BE094B607EC5CFBB60F215B5 /* SmoothSegue.swift in Sources */,
				BE094446E091CE0D167B91B6 /* TutorialViewController.swift in Sources */,
				BE09443387442ED8762FA487 /* TutorialSegmentViewController.swift in Sources */,
				BE0949F7EA469AA5CCDCA8E8 /* Category.swift in Sources */,
			);
			runOnlyForDeploymentPostprocessing = 0;
		};
/* End PBXSourcesBuildPhase section */

/* Begin PBXVariantGroup section */
		DA67092A222D73F600595D5E /* Main.storyboard */ = {
			isa = PBXVariantGroup;
			children = (
				DA67092B222D73F600595D5E /* Base */,
			);
			name = Main.storyboard;
			sourceTree = "<group>";
		};
		DA67092F222D740300595D5E /* LaunchScreen.storyboard */ = {
			isa = PBXVariantGroup;
			children = (
				DA670930222D740300595D5E /* Base */,
			);
			name = LaunchScreen.storyboard;
			sourceTree = "<group>";
		};
/* End PBXVariantGroup section */

/* Begin XCBuildConfiguration section */
		DA670933222D740300595D5E /* Debug */ = {
			isa = XCBuildConfiguration;
			buildSettings = {
				ALWAYS_SEARCH_USER_PATHS = NO;
				CLANG_ANALYZER_NONNULL = YES;
				CLANG_ANALYZER_NUMBER_OBJECT_CONVERSION = YES_AGGRESSIVE;
				CLANG_CXX_LANGUAGE_STANDARD = "gnu++14";
				CLANG_CXX_LIBRARY = "libc++";
				CLANG_ENABLE_MODULES = YES;
				CLANG_ENABLE_OBJC_ARC = YES;
				CLANG_ENABLE_OBJC_WEAK = YES;
				CLANG_WARN_BLOCK_CAPTURE_AUTORELEASING = YES;
				CLANG_WARN_BOOL_CONVERSION = YES;
				CLANG_WARN_COMMA = YES;
				CLANG_WARN_CONSTANT_CONVERSION = YES;
				CLANG_WARN_DEPRECATED_OBJC_IMPLEMENTATIONS = YES;
				CLANG_WARN_DIRECT_OBJC_ISA_USAGE = YES_ERROR;
				CLANG_WARN_DOCUMENTATION_COMMENTS = YES;
				CLANG_WARN_EMPTY_BODY = YES;
				CLANG_WARN_ENUM_CONVERSION = YES;
				CLANG_WARN_INFINITE_RECURSION = YES;
				CLANG_WARN_INT_CONVERSION = YES;
				CLANG_WARN_NON_LITERAL_NULL_CONVERSION = YES;
				CLANG_WARN_OBJC_IMPLICIT_RETAIN_SELF = YES;
				CLANG_WARN_OBJC_LITERAL_CONVERSION = YES;
				CLANG_WARN_OBJC_ROOT_CLASS = YES_ERROR;
				CLANG_WARN_RANGE_LOOP_ANALYSIS = YES;
				CLANG_WARN_STRICT_PROTOTYPES = YES;
				CLANG_WARN_SUSPICIOUS_MOVE = YES;
				CLANG_WARN_UNGUARDED_AVAILABILITY = YES_AGGRESSIVE;
				CLANG_WARN_UNREACHABLE_CODE = YES;
				CLANG_WARN__DUPLICATE_METHOD_MATCH = YES;
				CODE_SIGN_IDENTITY = "iPhone Developer";
				COPY_PHASE_STRIP = NO;
				DEBUG_INFORMATION_FORMAT = dwarf;
				ENABLE_STRICT_OBJC_MSGSEND = YES;
				ENABLE_TESTABILITY = YES;
				GCC_C_LANGUAGE_STANDARD = gnu11;
				GCC_DYNAMIC_NO_PIC = NO;
				GCC_NO_COMMON_BLOCKS = YES;
				GCC_OPTIMIZATION_LEVEL = 0;
				GCC_PREPROCESSOR_DEFINITIONS = (
					"DEBUG=1",
					"$(inherited)",
				);
				GCC_WARN_64_TO_32_BIT_CONVERSION = YES;
				GCC_WARN_ABOUT_RETURN_TYPE = YES_ERROR;
				GCC_WARN_UNDECLARED_SELECTOR = YES;
				GCC_WARN_UNINITIALIZED_AUTOS = YES_AGGRESSIVE;
				GCC_WARN_UNUSED_FUNCTION = YES;
				GCC_WARN_UNUSED_VARIABLE = YES;
				IPHONEOS_DEPLOYMENT_TARGET = 12.1;
				MTL_ENABLE_DEBUG_INFO = INCLUDE_SOURCE;
				MTL_FAST_MATH = YES;
				ONLY_ACTIVE_ARCH = YES;
				SDKROOT = iphoneos;
				SWIFT_ACTIVE_COMPILATION_CONDITIONS = DEBUG;
				SWIFT_OPTIMIZATION_LEVEL = "-Onone";
			};
			name = Debug;
		};
		DA670934222D740300595D5E /* Release */ = {
			isa = XCBuildConfiguration;
			buildSettings = {
				ALWAYS_SEARCH_USER_PATHS = NO;
				CLANG_ANALYZER_NONNULL = YES;
				CLANG_ANALYZER_NUMBER_OBJECT_CONVERSION = YES_AGGRESSIVE;
				CLANG_CXX_LANGUAGE_STANDARD = "gnu++14";
				CLANG_CXX_LIBRARY = "libc++";
				CLANG_ENABLE_MODULES = YES;
				CLANG_ENABLE_OBJC_ARC = YES;
				CLANG_ENABLE_OBJC_WEAK = YES;
				CLANG_WARN_BLOCK_CAPTURE_AUTORELEASING = YES;
				CLANG_WARN_BOOL_CONVERSION = YES;
				CLANG_WARN_COMMA = YES;
				CLANG_WARN_CONSTANT_CONVERSION = YES;
				CLANG_WARN_DEPRECATED_OBJC_IMPLEMENTATIONS = YES;
				CLANG_WARN_DIRECT_OBJC_ISA_USAGE = YES_ERROR;
				CLANG_WARN_DOCUMENTATION_COMMENTS = YES;
				CLANG_WARN_EMPTY_BODY = YES;
				CLANG_WARN_ENUM_CONVERSION = YES;
				CLANG_WARN_INFINITE_RECURSION = YES;
				CLANG_WARN_INT_CONVERSION = YES;
				CLANG_WARN_NON_LITERAL_NULL_CONVERSION = YES;
				CLANG_WARN_OBJC_IMPLICIT_RETAIN_SELF = YES;
				CLANG_WARN_OBJC_LITERAL_CONVERSION = YES;
				CLANG_WARN_OBJC_ROOT_CLASS = YES_ERROR;
				CLANG_WARN_RANGE_LOOP_ANALYSIS = YES;
				CLANG_WARN_STRICT_PROTOTYPES = YES;
				CLANG_WARN_SUSPICIOUS_MOVE = YES;
				CLANG_WARN_UNGUARDED_AVAILABILITY = YES_AGGRESSIVE;
				CLANG_WARN_UNREACHABLE_CODE = YES;
				CLANG_WARN__DUPLICATE_METHOD_MATCH = YES;
				CODE_SIGN_IDENTITY = "iPhone Developer";
				COPY_PHASE_STRIP = NO;
				DEBUG_INFORMATION_FORMAT = "dwarf-with-dsym";
				ENABLE_NS_ASSERTIONS = NO;
				ENABLE_STRICT_OBJC_MSGSEND = YES;
				GCC_C_LANGUAGE_STANDARD = gnu11;
				GCC_NO_COMMON_BLOCKS = YES;
				GCC_WARN_64_TO_32_BIT_CONVERSION = YES;
				GCC_WARN_ABOUT_RETURN_TYPE = YES_ERROR;
				GCC_WARN_UNDECLARED_SELECTOR = YES;
				GCC_WARN_UNINITIALIZED_AUTOS = YES_AGGRESSIVE;
				GCC_WARN_UNUSED_FUNCTION = YES;
				GCC_WARN_UNUSED_VARIABLE = YES;
				IPHONEOS_DEPLOYMENT_TARGET = 12.1;
				MTL_ENABLE_DEBUG_INFO = NO;
				MTL_FAST_MATH = YES;
				SDKROOT = iphoneos;
				SWIFT_COMPILATION_MODE = wholemodule;
				SWIFT_OPTIMIZATION_LEVEL = "-O";
				VALIDATE_PRODUCT = YES;
			};
			name = Release;
		};
		DA670936222D740300595D5E /* Debug */ = {
			isa = XCBuildConfiguration;
			baseConfigurationReference = 68D074D3B249FCFF7F36A6D4 /* Pods-testing.debug.xcconfig */;
			buildSettings = {
				ASSETCATALOG_COMPILER_APPICON_NAME = AppIcon;
				CODE_SIGN_ENTITLEMENTS = testing/testing.entitlements;
				CODE_SIGN_IDENTITY = "iPhone Developer";
				CODE_SIGN_STYLE = Automatic;
				DEVELOPMENT_TEAM = 36L89PHLKP;
				ENABLE_BITCODE = NO;
				FRAMEWORK_SEARCH_PATHS = (
					"$(inherited)",
					"/Users/marinaz/Desktop/Программы/testing/Pods/GoogleAppMeasurment/Frameworks",
					"/Users/marinaz/Desktop/Программы/testing/Pods/FirebaseAnalytics/Frameworks",
				);
				HEADER_SEARCH_PATHS = (
					"$(inherited)",
					"\"${PODS_CONFIGURATION_BUILD_DIR}/FirebaseCore/FirebaseCore.framework/Headers\"",
					"\"${PODS_CONFIGURATION_BUILD_DIR}/FirebaseInstanceID/FirebaseInstanceID.framework/Headers\"",
					"\"${PODS_CONFIGURATION_BUILD_DIR}/GoogleUtilities/GoogleUtilities.framework/Headers\"",
					"\"${PODS_CONFIGURATION_BUILD_DIR}/nanopb/nanopb.framework/Headers\"",
					"\"${PODS_ROOT}/Headers/Public\"",
					"\"${PODS_ROOT}/Headers/Public/Firebase\"",
					"${PODS_ROOT}/Firebase/CoreOnly/Sources",
				);
				INFOPLIST_FILE = testing/Info.plist;
				IPHONEOS_DEPLOYMENT_TARGET = 10.0;
				LD_RUNPATH_SEARCH_PATHS = (
					"$(inherited)",
					"@executable_path/Frameworks",
				);
				LIBRARY_SEARCH_PATHS = "$(inherited)";
				MARKETING_VERSION = 1.1.3;
				PRODUCT_BUNDLE_IDENTIFIER = com.xenous.athene;
				PRODUCT_NAME = Athene;
				PROVISIONING_PROFILE_SPECIFIER = "";
				SWIFT_COMPILATION_MODE = singlefile;
				SWIFT_VERSION = 4.2;
				SYSTEM_FRAMEWORK_SEARCH_PATHS = "$(inherited)";
				SYSTEM_HEADER_SEARCH_PATHS = "$(inherited)";
				TARGETED_DEVICE_FAMILY = 1;
				USER_HEADER_SEARCH_PATHS = "$(inherited)";
			};
			name = Debug;
		};
		DA670937222D740300595D5E /* Release */ = {
			isa = XCBuildConfiguration;
			baseConfigurationReference = FFF9CBD8C14725166D8671E1 /* Pods-testing.release.xcconfig */;
			buildSettings = {
				ASSETCATALOG_COMPILER_APPICON_NAME = AppIcon;
				CODE_SIGN_ENTITLEMENTS = testing/testing.entitlements;
				CODE_SIGN_IDENTITY = "iPhone Developer";
				CODE_SIGN_STYLE = Automatic;
				DEVELOPMENT_TEAM = 36L89PHLKP;
				ENABLE_BITCODE = NO;
				FRAMEWORK_SEARCH_PATHS = (
					"$(inherited)",
					"/Users/marinaz/Desktop/Программы/testing/Pods/GoogleAppMeasurment/Frameworks",
					"/Users/marinaz/Desktop/Программы/testing/Pods/FirebaseAnalytics/Frameworks",
				);
				HEADER_SEARCH_PATHS = (
					"$(inherited)",
					"\"${PODS_CONFIGURATION_BUILD_DIR}/FirebaseCore/FirebaseCore.framework/Headers\"",
					"\"${PODS_CONFIGURATION_BUILD_DIR}/FirebaseInstanceID/FirebaseInstanceID.framework/Headers\"",
					"\"${PODS_CONFIGURATION_BUILD_DIR}/GoogleUtilities/GoogleUtilities.framework/Headers\"",
					"\"${PODS_CONFIGURATION_BUILD_DIR}/nanopb/nanopb.framework/Headers\"",
					"\"${PODS_ROOT}/Headers/Public\"",
					"\"${PODS_ROOT}/Headers/Public/Firebase\"",
					"${PODS_ROOT}/Firebase/CoreOnly/Sources",
				);
				INFOPLIST_FILE = testing/Info.plist;
				IPHONEOS_DEPLOYMENT_TARGET = 10.0;
				LD_RUNPATH_SEARCH_PATHS = (
					"$(inherited)",
					"@executable_path/Frameworks",
				);
				LIBRARY_SEARCH_PATHS = "$(inherited)";
				MARKETING_VERSION = 1.1.3;
				ONLY_ACTIVE_ARCH = YES;
				PRODUCT_BUNDLE_IDENTIFIER = com.xenous.athene;
				PRODUCT_NAME = Athene;
				PROVISIONING_PROFILE_SPECIFIER = "";
				SWIFT_COMPILATION_MODE = singlefile;
				SWIFT_VERSION = 4.2;
				SYSTEM_FRAMEWORK_SEARCH_PATHS = "$(inherited)";
				SYSTEM_HEADER_SEARCH_PATHS = "$(inherited)";
				TARGETED_DEVICE_FAMILY = 1;
				USER_HEADER_SEARCH_PATHS = "$(inherited)";
			};
			name = Release;
		};
/* End XCBuildConfiguration section */

/* Begin XCConfigurationList section */
		DA67091E222D73F600595D5E /* Build configuration list for PBXProject "testing" */ = {
			isa = XCConfigurationList;
			buildConfigurations = (
				DA670933222D740300595D5E /* Debug */,
				DA670934222D740300595D5E /* Release */,
			);
			defaultConfigurationIsVisible = 0;
			defaultConfigurationName = Release;
		};
		DA670935222D740300595D5E /* Build configuration list for PBXNativeTarget "testing" */ = {
			isa = XCConfigurationList;
			buildConfigurations = (
				DA670936222D740300595D5E /* Debug */,
				DA670937222D740300595D5E /* Release */,
			);
			defaultConfigurationIsVisible = 0;
			defaultConfigurationName = Release;
		};
/* End XCConfigurationList section */
	};
	rootObject = DA67091B222D73F600595D5E /* Project object */;
}
