// !$*UTF8*$!
{
	archiveVersion = 1;
	classes = {
	};
	objectVersion = 51;
	objects = {

/* Begin PBXBuildFile section */
		400979BE6C24F1974954E3C7 /* libPods-testing.a in Frameworks */ = {isa = PBXBuildFile; fileRef = 96AE17205D32347E213C5A3F /* libPods-testing.a */; };
		DA5AEAA424323FC0009DC286 /* SmoothSegue.swift in Sources */ = {isa = PBXBuildFile; fileRef = DA5AEAA324323FBE009DC286 /* SmoothSegue.swift */; };
		DA60BA2C24247AAE00146E87 /* ext.swift in Sources */ = {isa = PBXBuildFile; fileRef = DA60BA2B24247AAE00146E87 /* ext.swift */; };
		DA670927222D73F600595D5E /* AppDelegate.swift in Sources */ = {isa = PBXBuildFile; fileRef = DA670926222D73F600595D5E /* AppDelegate.swift */; };
		DA670929222D73F600595D5E /* ViewController.swift in Sources */ = {isa = PBXBuildFile; fileRef = DA670928222D73F600595D5E /* ViewController.swift */; };
		DA67092C222D73F600595D5E /* Main.storyboard in Resources */ = {isa = PBXBuildFile; fileRef = DA67092A222D73F600595D5E /* Main.storyboard */; };
		DA67092E222D740300595D5E /* Assets.xcassets in Resources */ = {isa = PBXBuildFile; fileRef = DA67092D222D740300595D5E /* Assets.xcassets */; };
		DA670931222D740300595D5E /* LaunchScreen.storyboard in Resources */ = {isa = PBXBuildFile; fileRef = DA67092F222D740300595D5E /* LaunchScreen.storyboard */; };
		DA8042A6244627140012F3D0 /* TutorialViewController.swift in Sources */ = {isa = PBXBuildFile; fileRef = DA8042A5244627140012F3D0 /* TutorialViewController.swift */; };
		DA8042A8244627870012F3D0 /* TutorialSegmentViewController.swift in Sources */ = {isa = PBXBuildFile; fileRef = DA8042A7244627870012F3D0 /* TutorialSegmentViewController.swift */; };
		DA8CB94722531B4400D40849 /* LogInViewController.swift in Sources */ = {isa = PBXBuildFile; fileRef = DA8CB94622531B4400D40849 /* LogInViewController.swift */; };
		DA8CB9492253252E00D40849 /* RegisterViewController.swift in Sources */ = {isa = PBXBuildFile; fileRef = DA8CB9482253252E00D40849 /* RegisterViewController.swift */; };
		DA95513524339A0300357808 /* AuthGraphicBuilder.swift in Sources */ = {isa = PBXBuildFile; fileRef = DA95513424339A0300357808 /* AuthGraphicBuilder.swift */; };
		DA9551372435E61900357808 /* LoadingView.swift in Sources */ = {isa = PBXBuildFile; fileRef = DA9551362435E61500357808 /* LoadingView.swift */; };
		DAC38FA6243B29360035C5BE /* CustomTableView.swift in Sources */ = {isa = PBXBuildFile; fileRef = DAC38FA5243B29360035C5BE /* CustomTableView.swift */; };
		DAC38FA9243EE9B00035C5BE /* GoogleService-Info.plist in Resources */ = {isa = PBXBuildFile; fileRef = DAC38FA8243EE9B00035C5BE /* GoogleService-Info.plist */; };
		DAC96E432423A71F00675EEA /* GraphicBuilder.swift in Sources */ = {isa = PBXBuildFile; fileRef = DAC96E422423A71F00675EEA /* GraphicBuilder.swift */; };
		DAC96E452423AA1D00675EEA /* FontHelper.swift in Sources */ = {isa = PBXBuildFile; fileRef = DAC96E442423AA1D00675EEA /* FontHelper.swift */; };
		DAC96E472423AA9100675EEA /* Strings.swift in Sources */ = {isa = PBXBuildFile; fileRef = DAC96E462423AA9100675EEA /* Strings.swift */; };
		DAE37194223D0AD300F6E5E1 /* NewWordViewController.swift in Sources */ = {isa = PBXBuildFile; fileRef = DAE37193223D0AD300F6E5E1 /* NewWordViewController.swift */; };
		DAE37196223D1BF800F6E5E1 /* ChangeWordViewController.swift in Sources */ = {isa = PBXBuildFile; fileRef = DAE37195223D1BF800F6E5E1 /* ChangeWordViewController.swift */; };
		DAE37198223E7DEE00F6E5E1 /* ArchiveViewController.swift in Sources */ = {isa = PBXBuildFile; fileRef = DAE37197223E7DEE00F6E5E1 /* ArchiveViewController.swift */; };
		DAEC4193242F1E7700944B7F /* Auth.storyboard in Resources */ = {isa = PBXBuildFile; fileRef = DAEC4192242F1E7700944B7F /* Auth.storyboard */; };
		DAEC4195242F38E300944B7F /* MainViewController.swift in Sources */ = {isa = PBXBuildFile; fileRef = DAEC4194242F38E300944B7F /* MainViewController.swift */; };
		DAEC4199242F91AF00944B7F /* CustomPageControl.swift in Sources */ = {isa = PBXBuildFile; fileRef = DAEC4198242F91AF00944B7F /* CustomPageControl.swift */; };
		DAF1847B2420EA600031B68C /* Word.swift in Sources */ = {isa = PBXBuildFile; fileRef = DAF1847A2420EA600031B68C /* Word.swift */; };
/* End PBXBuildFile section */

/* Begin PBXFileReference section */
		415AEFBD7CAD8BED08E77D8F /* Pods-testing.debug.xcconfig */ = {isa = PBXFileReference; includeInIndex = 1; lastKnownFileType = text.xcconfig; name = "Pods-testing.debug.xcconfig"; path = "Target Support Files/Pods-testing/Pods-testing.debug.xcconfig"; sourceTree = "<group>"; };
		96AE17205D32347E213C5A3F /* libPods-testing.a */ = {isa = PBXFileReference; explicitFileType = archive.ar; includeInIndex = 0; path = "libPods-testing.a"; sourceTree = BUILT_PRODUCTS_DIR; };
		CDC2F386D1A34A1D7D7E2148 /* Pods-testing.release.xcconfig */ = {isa = PBXFileReference; includeInIndex = 1; lastKnownFileType = text.xcconfig; name = "Pods-testing.release.xcconfig"; path = "Target Support Files/Pods-testing/Pods-testing.release.xcconfig"; sourceTree = "<group>"; };
		DA5AEAA324323FBE009DC286 /* SmoothSegue.swift */ = {isa = PBXFileReference; lastKnownFileType = sourcecode.swift; path = SmoothSegue.swift; sourceTree = "<group>"; };
		DA60BA2B24247AAE00146E87 /* ext.swift */ = {isa = PBXFileReference; lastKnownFileType = sourcecode.swift; path = ext.swift; sourceTree = "<group>"; };
		DA670923222D73F600595D5E /* Lett.app */ = {isa = PBXFileReference; explicitFileType = wrapper.application; includeInIndex = 0; path = Lett.app; sourceTree = BUILT_PRODUCTS_DIR; };
		DA670926222D73F600595D5E /* AppDelegate.swift */ = {isa = PBXFileReference; lastKnownFileType = sourcecode.swift; path = AppDelegate.swift; sourceTree = "<group>"; };
		DA670928222D73F600595D5E /* ViewController.swift */ = {isa = PBXFileReference; lastKnownFileType = sourcecode.swift; path = ViewController.swift; sourceTree = "<group>"; };
		DA67092B222D73F600595D5E /* Base */ = {isa = PBXFileReference; lastKnownFileType = file.storyboard; name = Base; path = Base.lproj/Main.storyboard; sourceTree = "<group>"; };
		DA67092D222D740300595D5E /* Assets.xcassets */ = {isa = PBXFileReference; lastKnownFileType = folder.assetcatalog; path = Assets.xcassets; sourceTree = "<group>"; };
		DA670930222D740300595D5E /* Base */ = {isa = PBXFileReference; lastKnownFileType = file.storyboard; name = Base; path = Base.lproj/LaunchScreen.storyboard; sourceTree = "<group>"; };
		DA670932222D740300595D5E /* Info.plist */ = {isa = PBXFileReference; lastKnownFileType = text.plist.xml; path = Info.plist; sourceTree = "<group>"; };
		DA8042A5244627140012F3D0 /* TutorialViewController.swift */ = {isa = PBXFileReference; lastKnownFileType = sourcecode.swift; path = TutorialViewController.swift; sourceTree = "<group>"; };
		DA8042A7244627870012F3D0 /* TutorialSegmentViewController.swift */ = {isa = PBXFileReference; lastKnownFileType = sourcecode.swift; path = TutorialSegmentViewController.swift; sourceTree = "<group>"; };
		DA8CB94622531B4400D40849 /* LogInViewController.swift */ = {isa = PBXFileReference; lastKnownFileType = sourcecode.swift; path = LogInViewController.swift; sourceTree = "<group>"; };
		DA8CB9482253252E00D40849 /* RegisterViewController.swift */ = {isa = PBXFileReference; lastKnownFileType = sourcecode.swift; path = RegisterViewController.swift; sourceTree = "<group>"; };
		DA95513424339A0300357808 /* AuthGraphicBuilder.swift */ = {isa = PBXFileReference; lastKnownFileType = sourcecode.swift; path = AuthGraphicBuilder.swift; sourceTree = "<group>"; };
		DA9551362435E61500357808 /* LoadingView.swift */ = {isa = PBXFileReference; lastKnownFileType = sourcecode.swift; path = LoadingView.swift; sourceTree = "<group>"; };
		DAC38FA5243B29360035C5BE /* CustomTableView.swift */ = {isa = PBXFileReference; lastKnownFileType = sourcecode.swift; path = CustomTableView.swift; sourceTree = "<group>"; };
		DAC38FA7243E46DD0035C5BE /* testing.entitlements */ = {isa = PBXFileReference; lastKnownFileType = text.plist.entitlements; path = testing.entitlements; sourceTree = "<group>"; };
		DAC38FA8243EE9B00035C5BE /* GoogleService-Info.plist */ = {isa = PBXFileReference; fileEncoding = 4; lastKnownFileType = text.plist.xml; path = "GoogleService-Info.plist"; sourceTree = "<group>"; };
		DAC96E422423A71F00675EEA /* GraphicBuilder.swift */ = {isa = PBXFileReference; lastKnownFileType = sourcecode.swift; path = GraphicBuilder.swift; sourceTree = "<group>"; };
		DAC96E442423AA1D00675EEA /* FontHelper.swift */ = {isa = PBXFileReference; lastKnownFileType = sourcecode.swift; path = FontHelper.swift; sourceTree = "<group>"; };
		DAC96E462423AA9100675EEA /* Strings.swift */ = {isa = PBXFileReference; lastKnownFileType = sourcecode.swift; path = Strings.swift; sourceTree = "<group>"; };
		DAE37193223D0AD300F6E5E1 /* NewWordViewController.swift */ = {isa = PBXFileReference; lastKnownFileType = sourcecode.swift; path = NewWordViewController.swift; sourceTree = "<group>"; };
		DAE37195223D1BF800F6E5E1 /* ChangeWordViewController.swift */ = {isa = PBXFileReference; lastKnownFileType = sourcecode.swift; path = ChangeWordViewController.swift; sourceTree = "<group>"; };
		DAE37197223E7DEE00F6E5E1 /* ArchiveViewController.swift */ = {isa = PBXFileReference; lastKnownFileType = sourcecode.swift; path = ArchiveViewController.swift; sourceTree = "<group>"; };
		DAEC4192242F1E7700944B7F /* Auth.storyboard */ = {isa = PBXFileReference; lastKnownFileType = file.storyboard; path = Auth.storyboard; sourceTree = "<group>"; };
		DAEC4194242F38E300944B7F /* MainViewController.swift */ = {isa = PBXFileReference; lastKnownFileType = sourcecode.swift; path = MainViewController.swift; sourceTree = "<group>"; };
		DAEC4198242F91AF00944B7F /* CustomPageControl.swift */ = {isa = PBXFileReference; lastKnownFileType = sourcecode.swift; path = CustomPageControl.swift; sourceTree = "<group>"; };
		DAF1847A2420EA600031B68C /* Word.swift */ = {isa = PBXFileReference; lastKnownFileType = sourcecode.swift; path = Word.swift; sourceTree = "<group>"; };
/* End PBXFileReference section */

/* Begin PBXFrameworksBuildPhase section */
		DA670920222D73F600595D5E /* Frameworks */ = {
			isa = PBXFrameworksBuildPhase;
			buildActionMask = 2147483647;
			files = (
				400979BE6C24F1974954E3C7 /* libPods-testing.a in Frameworks */,
			);
			runOnlyForDeploymentPostprocessing = 0;
		};
/* End PBXFrameworksBuildPhase section */

/* Begin PBXGroup section */
		2CBE070057BA8E1485D810C6 /* Pods */ = {
			isa = PBXGroup;
			children = (
				415AEFBD7CAD8BED08E77D8F /* Pods-testing.debug.xcconfig */,
				CDC2F386D1A34A1D7D7E2148 /* Pods-testing.release.xcconfig */,
			);
			path = Pods;
			sourceTree = "<group>";
		};
		B7EF8E043566619C51C1D854 /* Frameworks */ = {
			isa = PBXGroup;
			children = (
				96AE17205D32347E213C5A3F /* libPods-testing.a */,
			);
			name = Frameworks;
			sourceTree = "<group>";
		};
		DA67091A222D73F600595D5E = {
			isa = PBXGroup;
			children = (
				DA670925222D73F600595D5E /* testing */,
				DA670924222D73F600595D5E /* Products */,
				2CBE070057BA8E1485D810C6 /* Pods */,
				B7EF8E043566619C51C1D854 /* Frameworks */,
			);
			sourceTree = "<group>";
		};
		DA670924222D73F600595D5E /* Products */ = {
			isa = PBXGroup;
			children = (
				DA670923222D73F600595D5E /* Lett.app */,
			);
			name = Products;
			sourceTree = "<group>";
		};
		DA670925222D73F600595D5E /* testing */ = {
			isa = PBXGroup;
			children = (
				DAC38FA7243E46DD0035C5BE /* testing.entitlements */,
				DAEC4197242F916200944B7F /* Graphics */,
				DAEC4191242F1D5100944B7F /* Storyboards */,
				DAEC4196242F913900944B7F /* AuthControllers */,
				DAC38FAE244620FF0035C5BE /* TutorialControllers */,
				DA670926222D73F600595D5E /* AppDelegate.swift */,
				DAEC4194242F38E300944B7F /* MainViewController.swift */,
				DA670928222D73F600595D5E /* ViewController.swift */,
				DAE37193223D0AD300F6E5E1 /* NewWordViewController.swift */,
				DAE37195223D1BF800F6E5E1 /* ChangeWordViewController.swift */,
				DAE37197223E7DEE00F6E5E1 /* ArchiveViewController.swift */,
				DA67092D222D740300595D5E /* Assets.xcassets */,
				DAC38FA8243EE9B00035C5BE /* GoogleService-Info.plist */,
				DA670932222D740300595D5E /* Info.plist */,
				DAF1847A2420EA600031B68C /* Word.swift */,
				DAC96E462423AA9100675EEA /* Strings.swift */,
				DA60BA2B24247AAE00146E87 /* ext.swift */,
				DA5AEAA324323FBE009DC286 /* SmoothSegue.swift */,
			);
			path = testing;
			sourceTree = "<group>";
		};
		DAC38FAE244620FF0035C5BE /* TutorialControllers */ = {
			isa = PBXGroup;
			children = (
				DA8042A5244627140012F3D0 /* TutorialViewController.swift */,
				DA8042A7244627870012F3D0 /* TutorialSegmentViewController.swift */,
			);
			path = TutorialControllers;
			sourceTree = "<group>";
		};
		DAEC4191242F1D5100944B7F /* Storyboards */ = {
			isa = PBXGroup;
			children = (
				DA67092A222D73F600595D5E /* Main.storyboard */,
				DA67092F222D740300595D5E /* LaunchScreen.storyboard */,
				DAEC4192242F1E7700944B7F /* Auth.storyboard */,
			);
			path = Storyboards;
			sourceTree = "<group>";
		};
		DAEC4196242F913900944B7F /* AuthControllers */ = {
			isa = PBXGroup;
			children = (
				DA8CB9482253252E00D40849 /* RegisterViewController.swift */,
				DA8CB94622531B4400D40849 /* LogInViewController.swift */,
			);
			path = AuthControllers;
			sourceTree = "<group>";
		};
		DAEC4197242F916200944B7F /* Graphics */ = {
			isa = PBXGroup;
			children = (
				DAC96E422423A71F00675EEA /* GraphicBuilder.swift */,
				DAC96E442423AA1D00675EEA /* FontHelper.swift */,
				DAEC4198242F91AF00944B7F /* CustomPageControl.swift */,
				DA95513424339A0300357808 /* AuthGraphicBuilder.swift */,
				DA9551362435E61500357808 /* LoadingView.swift */,
				DAC38FA5243B29360035C5BE /* CustomTableView.swift */,
			);
			path = Graphics;
			sourceTree = "<group>";
		};
/* End PBXGroup section */

/* Begin PBXNativeTarget section */
		DA670922222D73F600595D5E /* testing */ = {
			isa = PBXNativeTarget;
			buildConfigurationList = DA670935222D740300595D5E /* Build configuration list for PBXNativeTarget "testing" */;
			buildPhases = (
				B83AC47A1748CB6550A1A425 /* [CP] Check Pods Manifest.lock */,
				DA67091F222D73F600595D5E /* Sources */,
				DA670920222D73F600595D5E /* Frameworks */,
				DA670921222D73F600595D5E /* Resources */,
				D03574B5967B0574CAAB119C /* [CP] Copy Pods Resources */,
			);
			buildRules = (
			);
			dependencies = (
			);
			name = testing;
			productName = testing;
			productReference = DA670923222D73F600595D5E /* Lett.app */;
			productType = "com.apple.product-type.application";
		};
/* End PBXNativeTarget section */

/* Begin PBXProject section */
		DA67091B222D73F600595D5E /* Project object */ = {
			isa = PBXProject;
			attributes = {
				LastSwiftUpdateCheck = 1010;
				LastUpgradeCheck = 1010;
				ORGANIZATIONNAME = "Vadim Zaripov";
				TargetAttributes = {
					DA670922222D73F600595D5E = {
						CreatedOnToolsVersion = 10.1;
					};
				};
			};
			buildConfigurationList = DA67091E222D73F600595D5E /* Build configuration list for PBXProject "testing" */;
			compatibilityVersion = "Xcode 9.3";
			developmentRegion = en;
			hasScannedForEncodings = 0;
			knownRegions = (
				en,
				Base,
			);
			mainGroup = DA67091A222D73F600595D5E;
			productRefGroup = DA670924222D73F600595D5E /* Products */;
			projectDirPath = "";
			projectRoot = "";
			targets = (
				DA670922222D73F600595D5E /* testing */,
			);
		};
/* End PBXProject section */

/* Begin PBXResourcesBuildPhase section */
		DA670921222D73F600595D5E /* Resources */ = {
			isa = PBXResourcesBuildPhase;
			buildActionMask = 2147483647;
			files = (
				DA670931222D740300595D5E /* LaunchScreen.storyboard in Resources */,
				DAEC4193242F1E7700944B7F /* Auth.storyboard in Resources */,
				DAC38FA9243EE9B00035C5BE /* GoogleService-Info.plist in Resources */,
				DA67092E222D740300595D5E /* Assets.xcassets in Resources */,
				DA67092C222D73F600595D5E /* Main.storyboard in Resources */,
			);
			runOnlyForDeploymentPostprocessing = 0;
		};
/* End PBXResourcesBuildPhase section */

/* Begin PBXShellScriptBuildPhase section */
		B83AC47A1748CB6550A1A425 /* [CP] Check Pods Manifest.lock */ = {
			isa = PBXShellScriptBuildPhase;
			buildActionMask = 2147483647;
			files = (
			);
			inputFileListPaths = (
			);
			inputPaths = (
				"${PODS_PODFILE_DIR_PATH}/Podfile.lock",
				"${PODS_ROOT}/Manifest.lock",
			);
			name = "[CP] Check Pods Manifest.lock";
			outputFileListPaths = (
			);
			outputPaths = (
				"$(DERIVED_FILE_DIR)/Pods-testing-checkManifestLockResult.txt",
			);
			runOnlyForDeploymentPostprocessing = 0;
			shellPath = /bin/sh;
			shellScript = "diff \"${PODS_PODFILE_DIR_PATH}/Podfile.lock\" \"${PODS_ROOT}/Manifest.lock\" > /dev/null\nif [ $? != 0 ] ; then\n    # print error to STDERR\n    echo \"error: The sandbox is not in sync with the Podfile.lock. Run 'pod install' or update your CocoaPods installation.\" >&2\n    exit 1\nfi\n# This output is used by Xcode 'outputs' to avoid re-running this script phase.\necho \"SUCCESS\" > \"${SCRIPT_OUTPUT_FILE_0}\"\n";
			showEnvVarsInLog = 0;
		};
		D03574B5967B0574CAAB119C /* [CP] Copy Pods Resources */ = {
			isa = PBXShellScriptBuildPhase;
			buildActionMask = 2147483647;
			files = (
			);
			inputFileListPaths = (
				"${PODS_ROOT}/Target Support Files/Pods-testing/Pods-testing-resources-${CONFIGURATION}-input-files.xcfilelist",
			);
			name = "[CP] Copy Pods Resources";
			outputFileListPaths = (
				"${PODS_ROOT}/Target Support Files/Pods-testing/Pods-testing-resources-${CONFIGURATION}-output-files.xcfilelist",
			);
			runOnlyForDeploymentPostprocessing = 0;
			shellPath = /bin/sh;
			shellScript = "\"${PODS_ROOT}/Target Support Files/Pods-testing/Pods-testing-resources.sh\"\n";
			showEnvVarsInLog = 0;
		};
/* End PBXShellScriptBuildPhase section */

/* Begin PBXSourcesBuildPhase section */
		DA67091F222D73F600595D5E /* Sources */ = {
			isa = PBXSourcesBuildPhase;
			buildActionMask = 2147483647;
			files = (
				DA8CB9492253252E00D40849 /* RegisterViewController.swift in Sources */,
				DA60BA2C24247AAE00146E87 /* ext.swift in Sources */,
				DA9551372435E61900357808 /* LoadingView.swift in Sources */,
				DA670929222D73F600595D5E /* ViewController.swift in Sources */,
				DAF1847B2420EA600031B68C /* Word.swift in Sources */,
				DAE37198223E7DEE00F6E5E1 /* ArchiveViewController.swift in Sources */,
				DAEC4199242F91AF00944B7F /* CustomPageControl.swift in Sources */,
				DAC96E452423AA1D00675EEA /* FontHelper.swift in Sources */,
				DA8042A8244627870012F3D0 /* TutorialSegmentViewController.swift in Sources */,
				DA8042A6244627140012F3D0 /* TutorialViewController.swift in Sources */,
				DAEC4195242F38E300944B7F /* MainViewController.swift in Sources */,
				DA670927222D73F600595D5E /* AppDelegate.swift in Sources */,
				DAC96E432423A71F00675EEA /* GraphicBuilder.swift in Sources */,
				DA95513524339A0300357808 /* AuthGraphicBuilder.swift in Sources */,
				DA8CB94722531B4400D40849 /* LogInViewController.swift in Sources */,
				DAE37196223D1BF800F6E5E1 /* ChangeWordViewController.swift in Sources */,
				DAC38FA6243B29360035C5BE /* CustomTableView.swift in Sources */,
				DAC96E472423AA9100675EEA /* Strings.swift in Sources */,
				DAE37194223D0AD300F6E5E1 /* NewWordViewController.swift in Sources */,
				DA5AEAA424323FC0009DC286 /* SmoothSegue.swift in Sources */,
			);
			runOnlyForDeploymentPostprocessing = 0;
		};
/* End PBXSourcesBuildPhase section */

/* Begin PBXVariantGroup section */
		DA67092A222D73F600595D5E /* Main.storyboard */ = {
			isa = PBXVariantGroup;
			children = (
				DA67092B222D73F600595D5E /* Base */,
			);
			name = Main.storyboard;
			sourceTree = "<group>";
		};
		DA67092F222D740300595D5E /* LaunchScreen.storyboard */ = {
			isa = PBXVariantGroup;
			children = (
				DA670930222D740300595D5E /* Base */,
			);
			name = LaunchScreen.storyboard;
			sourceTree = "<group>";
		};
/* End PBXVariantGroup section */

/* Begin XCBuildConfiguration section */
		DA670933222D740300595D5E /* Debug */ = {
			isa = XCBuildConfiguration;
			buildSettings = {
				ALWAYS_SEARCH_USER_PATHS = NO;
				CLANG_ANALYZER_NONNULL = YES;
				CLANG_ANALYZER_NUMBER_OBJECT_CONVERSION = YES_AGGRESSIVE;
				CLANG_CXX_LANGUAGE_STANDARD = "gnu++14";
				CLANG_CXX_LIBRARY = "libc++";
				CLANG_ENABLE_MODULES = YES;
				CLANG_ENABLE_OBJC_ARC = YES;
				CLANG_ENABLE_OBJC_WEAK = YES;
				CLANG_WARN_BLOCK_CAPTURE_AUTORELEASING = YES;
				CLANG_WARN_BOOL_CONVERSION = YES;
				CLANG_WARN_COMMA = YES;
				CLANG_WARN_CONSTANT_CONVERSION = YES;
				CLANG_WARN_DEPRECATED_OBJC_IMPLEMENTATIONS = YES;
				CLANG_WARN_DIRECT_OBJC_ISA_USAGE = YES_ERROR;
				CLANG_WARN_DOCUMENTATION_COMMENTS = YES;
				CLANG_WARN_EMPTY_BODY = YES;
				CLANG_WARN_ENUM_CONVERSION = YES;
				CLANG_WARN_INFINITE_RECURSION = YES;
				CLANG_WARN_INT_CONVERSION = YES;
				CLANG_WARN_NON_LITERAL_NULL_CONVERSION = YES;
				CLANG_WARN_OBJC_IMPLICIT_RETAIN_SELF = YES;
				CLANG_WARN_OBJC_LITERAL_CONVERSION = YES;
				CLANG_WARN_OBJC_ROOT_CLASS = YES_ERROR;
				CLANG_WARN_RANGE_LOOP_ANALYSIS = YES;
				CLANG_WARN_STRICT_PROTOTYPES = YES;
				CLANG_WARN_SUSPICIOUS_MOVE = YES;
				CLANG_WARN_UNGUARDED_AVAILABILITY = YES_AGGRESSIVE;
				CLANG_WARN_UNREACHABLE_CODE = YES;
				CLANG_WARN__DUPLICATE_METHOD_MATCH = YES;
				CODE_SIGN_IDENTITY = "iPhone Developer";
				COPY_PHASE_STRIP = NO;
				DEBUG_INFORMATION_FORMAT = dwarf;
				ENABLE_STRICT_OBJC_MSGSEND = YES;
				ENABLE_TESTABILITY = YES;
				GCC_C_LANGUAGE_STANDARD = gnu11;
				GCC_DYNAMIC_NO_PIC = NO;
				GCC_NO_COMMON_BLOCKS = YES;
				GCC_OPTIMIZATION_LEVEL = 0;
				GCC_PREPROCESSOR_DEFINITIONS = (
					"DEBUG=1",
					"$(inherited)",
				);
				GCC_WARN_64_TO_32_BIT_CONVERSION = YES;
				GCC_WARN_ABOUT_RETURN_TYPE = YES_ERROR;
				GCC_WARN_UNDECLARED_SELECTOR = YES;
				GCC_WARN_UNINITIALIZED_AUTOS = YES_AGGRESSIVE;
				GCC_WARN_UNUSED_FUNCTION = YES;
				GCC_WARN_UNUSED_VARIABLE = YES;
				IPHONEOS_DEPLOYMENT_TARGET = 12.1;
				MTL_ENABLE_DEBUG_INFO = INCLUDE_SOURCE;
				MTL_FAST_MATH = YES;
				ONLY_ACTIVE_ARCH = YES;
				SDKROOT = iphoneos;
				SWIFT_ACTIVE_COMPILATION_CONDITIONS = DEBUG;
				SWIFT_OPTIMIZATION_LEVEL = "-Onone";
			};
			name = Debug;
		};
		DA670934222D740300595D5E /* Release */ = {
			isa = XCBuildConfiguration;
			buildSettings = {
				ALWAYS_SEARCH_USER_PATHS = NO;
				CLANG_ANALYZER_NONNULL = YES;
				CLANG_ANALYZER_NUMBER_OBJECT_CONVERSION = YES_AGGRESSIVE;
				CLANG_CXX_LANGUAGE_STANDARD = "gnu++14";
				CLANG_CXX_LIBRARY = "libc++";
				CLANG_ENABLE_MODULES = YES;
				CLANG_ENABLE_OBJC_ARC = YES;
				CLANG_ENABLE_OBJC_WEAK = YES;
				CLANG_WARN_BLOCK_CAPTURE_AUTORELEASING = YES;
				CLANG_WARN_BOOL_CONVERSION = YES;
				CLANG_WARN_COMMA = YES;
				CLANG_WARN_CONSTANT_CONVERSION = YES;
				CLANG_WARN_DEPRECATED_OBJC_IMPLEMENTATIONS = YES;
				CLANG_WARN_DIRECT_OBJC_ISA_USAGE = YES_ERROR;
				CLANG_WARN_DOCUMENTATION_COMMENTS = YES;
				CLANG_WARN_EMPTY_BODY = YES;
				CLANG_WARN_ENUM_CONVERSION = YES;
				CLANG_WARN_INFINITE_RECURSION = YES;
				CLANG_WARN_INT_CONVERSION = YES;
				CLANG_WARN_NON_LITERAL_NULL_CONVERSION = YES;
				CLANG_WARN_OBJC_IMPLICIT_RETAIN_SELF = YES;
				CLANG_WARN_OBJC_LITERAL_CONVERSION = YES;
				CLANG_WARN_OBJC_ROOT_CLASS = YES_ERROR;
				CLANG_WARN_RANGE_LOOP_ANALYSIS = YES;
				CLANG_WARN_STRICT_PROTOTYPES = YES;
				CLANG_WARN_SUSPICIOUS_MOVE = YES;
				CLANG_WARN_UNGUARDED_AVAILABILITY = YES_AGGRESSIVE;
				CLANG_WARN_UNREACHABLE_CODE = YES;
				CLANG_WARN__DUPLICATE_METHOD_MATCH = YES;
				CODE_SIGN_IDENTITY = "iPhone Developer";
				COPY_PHASE_STRIP = NO;
				DEBUG_INFORMATION_FORMAT = "dwarf-with-dsym";
				ENABLE_NS_ASSERTIONS = NO;
				ENABLE_STRICT_OBJC_MSGSEND = YES;
				GCC_C_LANGUAGE_STANDARD = gnu11;
				GCC_NO_COMMON_BLOCKS = YES;
				GCC_WARN_64_TO_32_BIT_CONVERSION = YES;
				GCC_WARN_ABOUT_RETURN_TYPE = YES_ERROR;
				GCC_WARN_UNDECLARED_SELECTOR = YES;
				GCC_WARN_UNINITIALIZED_AUTOS = YES_AGGRESSIVE;
				GCC_WARN_UNUSED_FUNCTION = YES;
				GCC_WARN_UNUSED_VARIABLE = YES;
				IPHONEOS_DEPLOYMENT_TARGET = 12.1;
				MTL_ENABLE_DEBUG_INFO = NO;
				MTL_FAST_MATH = YES;
				SDKROOT = iphoneos;
				SWIFT_COMPILATION_MODE = wholemodule;
				SWIFT_OPTIMIZATION_LEVEL = "-O";
				VALIDATE_PRODUCT = YES;
			};
			name = Release;
		};
		DA670936222D740300595D5E /* Debug */ = {
			isa = XCBuildConfiguration;
			baseConfigurationReference = 415AEFBD7CAD8BED08E77D8F /* Pods-testing.debug.xcconfig */;
			buildSettings = {
				ALWAYS_EMBED_SWIFT_STANDARD_LIBRARIES = YES;
				ASSETCATALOG_COMPILER_APPICON_NAME = AppIcon;
				CODE_SIGN_ENTITLEMENTS = testing/testing.entitlements;
				CODE_SIGN_IDENTITY = "iPhone Developer";
				CODE_SIGN_STYLE = Automatic;
				DEVELOPMENT_TEAM = 36L89PHLKP;
				ENABLE_BITCODE = NO;
				FRAMEWORK_SEARCH_PATHS = (
					"$(inherited)",
					"/Users/marinaz/Desktop/Программы/testing/Pods/GoogleAppMeasurment/Frameworks",
					"/Users/marinaz/Desktop/Программы/testing/Pods/FirebaseAnalytics/Frameworks",
				);
				HEADER_SEARCH_PATHS = (
					"$(inherited)",
					"\"${PODS_CONFIGURATION_BUILD_DIR}/FirebaseCore/FirebaseCore.framework/Headers\"",
					"\"${PODS_CONFIGURATION_BUILD_DIR}/FirebaseInstanceID/FirebaseInstanceID.framework/Headers\"",
					"\"${PODS_CONFIGURATION_BUILD_DIR}/GoogleUtilities/GoogleUtilities.framework/Headers\"",
					"\"${PODS_CONFIGURATION_BUILD_DIR}/nanopb/nanopb.framework/Headers\"",
					"\"${PODS_ROOT}/Headers/Public\"",
					"\"${PODS_ROOT}/Headers/Public/Firebase\"",
					"${PODS_ROOT}/Firebase/CoreOnly/Sources",
				);
				INFOPLIST_FILE = testing/Info.plist;
				IPHONEOS_DEPLOYMENT_TARGET = 10.0;
				LD_RUNPATH_SEARCH_PATHS = (
					"$(inherited)",
					"@executable_path/Frameworks",
				);
				LIBRARY_SEARCH_PATHS = "$(inherited)";
				PRODUCT_BUNDLE_IDENTIFIER = com.xenous.lett;
				PRODUCT_NAME = Lett;
				PROVISIONING_PROFILE_SPECIFIER = "";
				SWIFT_COMPILATION_MODE = singlefile;
				SWIFT_VERSION = 4.2;
				SYSTEM_FRAMEWORK_SEARCH_PATHS = "$(inherited)";
				SYSTEM_HEADER_SEARCH_PATHS = "$(inherited)";
				TARGETED_DEVICE_FAMILY = 1;
				USER_HEADER_SEARCH_PATHS = "$(inherited)";
			};
			name = Debug;
		};
		DA670937222D740300595D5E /* Release */ = {
			isa = XCBuildConfiguration;
			baseConfigurationReference = CDC2F386D1A34A1D7D7E2148 /* Pods-testing.release.xcconfig */;
			buildSettings = {
				ALWAYS_EMBED_SWIFT_STANDARD_LIBRARIES = YES;
				ASSETCATALOG_COMPILER_APPICON_NAME = AppIcon;
				CODE_SIGN_ENTITLEMENTS = testing/testing.entitlements;
				CODE_SIGN_IDENTITY = "iPhone Developer";
				CODE_SIGN_STYLE = Automatic;
				DEVELOPMENT_TEAM = 36L89PHLKP;
				ENABLE_BITCODE = NO;
				FRAMEWORK_SEARCH_PATHS = (
					"$(inherited)",
					"/Users/marinaz/Desktop/Программы/testing/Pods/GoogleAppMeasurment/Frameworks",
					"/Users/marinaz/Desktop/Программы/testing/Pods/FirebaseAnalytics/Frameworks",
				);
				HEADER_SEARCH_PATHS = (
					"$(inherited)",
					"\"${PODS_CONFIGURATION_BUILD_DIR}/FirebaseCore/FirebaseCore.framework/Headers\"",
					"\"${PODS_CONFIGURATION_BUILD_DIR}/FirebaseInstanceID/FirebaseInstanceID.framework/Headers\"",
					"\"${PODS_CONFIGURATION_BUILD_DIR}/GoogleUtilities/GoogleUtilities.framework/Headers\"",
					"\"${PODS_CONFIGURATION_BUILD_DIR}/nanopb/nanopb.framework/Headers\"",
					"\"${PODS_ROOT}/Headers/Public\"",
					"\"${PODS_ROOT}/Headers/Public/Firebase\"",
					"${PODS_ROOT}/Firebase/CoreOnly/Sources",
				);
				INFOPLIST_FILE = testing/Info.plist;
				IPHONEOS_DEPLOYMENT_TARGET = 10.0;
				LD_RUNPATH_SEARCH_PATHS = (
					"$(inherited)",
					"@executable_path/Frameworks",
				);
				LIBRARY_SEARCH_PATHS = "$(inherited)";
				ONLY_ACTIVE_ARCH = YES;
				PRODUCT_BUNDLE_IDENTIFIER = com.xenous.lett;
				PRODUCT_NAME = Lett;
				PROVISIONING_PROFILE_SPECIFIER = "";
				SWIFT_COMPILATION_MODE = singlefile;
				SWIFT_VERSION = 4.2;
				SYSTEM_FRAMEWORK_SEARCH_PATHS = "$(inherited)";
				SYSTEM_HEADER_SEARCH_PATHS = "$(inherited)";
				TARGETED_DEVICE_FAMILY = 1;
				USER_HEADER_SEARCH_PATHS = "$(inherited)";
			};
			name = Release;
		};
/* End XCBuildConfiguration section */

/* Begin XCConfigurationList section */
		DA67091E222D73F600595D5E /* Build configuration list for PBXProject "testing" */ = {
			isa = XCConfigurationList;
			buildConfigurations = (
				DA670933222D740300595D5E /* Debug */,
				DA670934222D740300595D5E /* Release */,
			);
			defaultConfigurationIsVisible = 0;
			defaultConfigurationName = Release;
		};
		DA670935222D740300595D5E /* Build configuration list for PBXNativeTarget "testing" */ = {
			isa = XCConfigurationList;
			buildConfigurations = (
				DA670936222D740300595D5E /* Debug */,
				DA670937222D740300595D5E /* Release */,
			);
			defaultConfigurationIsVisible = 0;
			defaultConfigurationName = Release;
		};
/* End XCConfigurationList section */
	};
	rootObject = DA67091B222D73F600595D5E /* Project object */;
}
